// !$*UTF8*$!
{
	archiveVersion = 1;
	classes = {
	};
	objectVersion = 46;
	objects = {

/* Begin PBXBuildFile section */
		CDABD43C1CF2C70300D0AD47 /* main.m in Sources */ = {isa = PBXBuildFile; fileRef = CDABD43B1CF2C70300D0AD47 /* main.m */; };
		CDABD43F1CF2C70300D0AD47 /* AppDelegate.m in Sources */ = {isa = PBXBuildFile; fileRef = CDABD43E1CF2C70300D0AD47 /* AppDelegate.m */; };
		CDABD4421CF2C70300D0AD47 /* ViewController.m in Sources */ = {isa = PBXBuildFile; fileRef = CDABD4411CF2C70300D0AD47 /* ViewController.m */; };
		CDABD4451CF2C70300D0AD47 /* Main.storyboard in Resources */ = {isa = PBXBuildFile; fileRef = CDABD4431CF2C70300D0AD47 /* Main.storyboard */; };
		CDABD4471CF2C70300D0AD47 /* Assets.xcassets in Resources */ = {isa = PBXBuildFile; fileRef = CDABD4461CF2C70300D0AD47 /* Assets.xcassets */; };
		CDABD44A1CF2C70300D0AD47 /* LaunchScreen.storyboard in Resources */ = {isa = PBXBuildFile; fileRef = CDABD4481CF2C70300D0AD47 /* LaunchScreen.storyboard */; };
		CDABD4551CF2C70300D0AD47 /* AFHTmlTests.m in Sources */ = {isa = PBXBuildFile; fileRef = CDABD4541CF2C70300D0AD47 /* AFHTmlTests.m */; };
		CDABD4601CF2C70300D0AD47 /* AFHTmlUITests.m in Sources */ = {isa = PBXBuildFile; fileRef = CDABD45F1CF2C70300D0AD47 /* AFHTmlUITests.m */; };
/* End PBXBuildFile section */

/* Begin PBXContainerItemProxy section */
		CDABD4511CF2C70300D0AD47 /* PBXContainerItemProxy */ = {
			isa = PBXContainerItemProxy;
			containerPortal = CDABD42F1CF2C70300D0AD47 /* Project object */;
			proxyType = 1;
			remoteGlobalIDString = CDABD4361CF2C70300D0AD47;
			remoteInfo = AFHTml;
		};
		CDABD45C1CF2C70300D0AD47 /* PBXContainerItemProxy */ = {
			isa = PBXContainerItemProxy;
			containerPortal = CDABD42F1CF2C70300D0AD47 /* Project object */;
			proxyType = 1;
			remoteGlobalIDString = CDABD4361CF2C70300D0AD47;
			remoteInfo = AFHTml;
		};
/* End PBXContainerItemProxy section */

/* Begin PBXFileReference section */
		CDABD4371CF2C70300D0AD47 /* AFHTml.app */ = {isa = PBXFileReference; explicitFileType = wrapper.application; includeInIndex = 0; path = AFHTml.app; sourceTree = BUILT_PRODUCTS_DIR; };
		CDABD43B1CF2C70300D0AD47 /* main.m */ = {isa = PBXFileReference; lastKnownFileType = sourcecode.c.objc; path = main.m; sourceTree = "<group>"; };
		CDABD43D1CF2C70300D0AD47 /* AppDelegate.h */ = {isa = PBXFileReference; lastKnownFileType = sourcecode.c.h; path = AppDelegate.h; sourceTree = "<group>"; };
		CDABD43E1CF2C70300D0AD47 /* AppDelegate.m */ = {isa = PBXFileReference; lastKnownFileType = sourcecode.c.objc; path = AppDelegate.m; sourceTree = "<group>"; };
		CDABD4401CF2C70300D0AD47 /* ViewController.h */ = {isa = PBXFileReference; lastKnownFileType = sourcecode.c.h; path = ViewController.h; sourceTree = "<group>"; };
		CDABD4411CF2C70300D0AD47 /* ViewController.m */ = {isa = PBXFileReference; lastKnownFileType = sourcecode.c.objc; path = ViewController.m; sourceTree = "<group>"; };
		CDABD4441CF2C70300D0AD47 /* Base */ = {isa = PBXFileReference; lastKnownFileType = file.storyboard; name = Base; path = Base.lproj/Main.storyboard; sourceTree = "<group>"; };
		CDABD4461CF2C70300D0AD47 /* Assets.xcassets */ = {isa = PBXFileReference; lastKnownFileType = folder.assetcatalog; path = Assets.xcassets; sourceTree = "<group>"; };
		CDABD4491CF2C70300D0AD47 /* Base */ = {isa = PBXFileReference; lastKnownFileType = file.storyboard; name = Base; path = Base.lproj/LaunchScreen.storyboard; sourceTree = "<group>"; };
		CDABD44B1CF2C70300D0AD47 /* Info.plist */ = {isa = PBXFileReference; lastKnownFileType = text.plist.xml; path = Info.plist; sourceTree = "<group>"; };
		CDABD4501CF2C70300D0AD47 /* AFHTmlTests.xctest */ = {isa = PBXFileReference; explicitFileType = wrapper.cfbundle; includeInIndex = 0; path = AFHTmlTests.xctest; sourceTree = BUILT_PRODUCTS_DIR; };
		CDABD4541CF2C70300D0AD47 /* AFHTmlTests.m */ = {isa = PBXFileReference; lastKnownFileType = sourcecode.c.objc; path = AFHTmlTests.m; sourceTree = "<group>"; };
		CDABD4561CF2C70300D0AD47 /* Info.plist */ = {isa = PBXFileReference; lastKnownFileType = text.plist.xml; path = Info.plist; sourceTree = "<group>"; };
		CDABD45B1CF2C70300D0AD47 /* AFHTmlUITests.xctest */ = {isa = PBXFileReference; explicitFileType = wrapper.cfbundle; includeInIndex = 0; path = AFHTmlUITests.xctest; sourceTree = BUILT_PRODUCTS_DIR; };
		CDABD45F1CF2C70300D0AD47 /* AFHTmlUITests.m */ = {isa = PBXFileReference; lastKnownFileType = sourcecode.c.objc; path = AFHTmlUITests.m; sourceTree = "<group>"; };
		CDABD4611CF2C70300D0AD47 /* Info.plist */ = {isa = PBXFileReference; lastKnownFileType = text.plist.xml; path = Info.plist; sourceTree = "<group>"; };
/* End PBXFileReference section */

/* Begin PBXFrameworksBuildPhase section */
		CDABD4341CF2C70300D0AD47 /* Frameworks */ = {
			isa = PBXFrameworksBuildPhase;
			buildActionMask = 2147483647;
			files = (
			);
			runOnlyForDeploymentPostprocessing = 0;
		};
		CDABD44D1CF2C70300D0AD47 /* Frameworks */ = {
			isa = PBXFrameworksBuildPhase;
			buildActionMask = 2147483647;
			files = (
			);
			runOnlyForDeploymentPostprocessing = 0;
		};
		CDABD4581CF2C70300D0AD47 /* Frameworks */ = {
			isa = PBXFrameworksBuildPhase;
			buildActionMask = 2147483647;
			files = (
			);
			runOnlyForDeploymentPostprocessing = 0;
		};
/* End PBXFrameworksBuildPhase section */

/* Begin PBXGroup section */
		CDABD42E1CF2C70300D0AD47 = {
			isa = PBXGroup;
			children = (
				CDABD4391CF2C70300D0AD47 /* AFHTml */,
				CDABD4531CF2C70300D0AD47 /* AFHTmlTests */,
				CDABD45E1CF2C70300D0AD47 /* AFHTmlUITests */,
				CDABD4381CF2C70300D0AD47 /* Products */,
			);
			sourceTree = "<group>";
		};
		CDABD4381CF2C70300D0AD47 /* Products */ = {
			isa = PBXGroup;
			children = (
				CDABD4371CF2C70300D0AD47 /* AFHTml.app */,
				CDABD4501CF2C70300D0AD47 /* AFHTmlTests.xctest */,
				CDABD45B1CF2C70300D0AD47 /* AFHTmlUITests.xctest */,
			);
			name = Products;
			sourceTree = "<group>";
		};
		CDABD4391CF2C70300D0AD47 /* AFHTml */ = {
			isa = PBXGroup;
			children = (
				CDABD43D1CF2C70300D0AD47 /* AppDelegate.h */,
				CDABD43E1CF2C70300D0AD47 /* AppDelegate.m */,
				CDABD4401CF2C70300D0AD47 /* ViewController.h */,
				CDABD4411CF2C70300D0AD47 /* ViewController.m */,
				CDABD4431CF2C70300D0AD47 /* Main.storyboard */,
				CDABD4461CF2C70300D0AD47 /* Assets.xcassets */,
				CDABD4481CF2C70300D0AD47 /* LaunchScreen.storyboard */,
				CDABD44B1CF2C70300D0AD47 /* Info.plist */,
				CDABD43A1CF2C70300D0AD47 /* Supporting Files */,
			);
			path = AFHTml;
			sourceTree = "<group>";
		};
		CDABD43A1CF2C70300D0AD47 /* Supporting Files */ = {
			isa = PBXGroup;
			children = (
				CDABD43B1CF2C70300D0AD47 /* main.m */,
			);
			name = "Supporting Files";
			sourceTree = "<group>";
		};
		CDABD4531CF2C70300D0AD47 /* AFHTmlTests */ = {
			isa = PBXGroup;
			children = (
				CDABD4541CF2C70300D0AD47 /* AFHTmlTests.m */,
				CDABD4561CF2C70300D0AD47 /* Info.plist */,
			);
			path = AFHTmlTests;
			sourceTree = "<group>";
		};
		CDABD45E1CF2C70300D0AD47 /* AFHTmlUITests */ = {
			isa = PBXGroup;
			children = (
				CDABD45F1CF2C70300D0AD47 /* AFHTmlUITests.m */,
				CDABD4611CF2C70300D0AD47 /* Info.plist */,
			);
			path = AFHTmlUITests;
			sourceTree = "<group>";
		};
/* End PBXGroup section */

/* Begin PBXNativeTarget section */
		CDABD4361CF2C70300D0AD47 /* AFHTml */ = {
			isa = PBXNativeTarget;
			buildConfigurationList = CDABD4641CF2C70300D0AD47 /* Build configuration list for PBXNativeTarget "AFHTml" */;
			buildPhases = (
				CDABD4331CF2C70300D0AD47 /* Sources */,
				CDABD4341CF2C70300D0AD47 /* Frameworks */,
				CDABD4351CF2C70300D0AD47 /* Resources */,
			);
			buildRules = (
			);
			dependencies = (
			);
			name = AFHTml;
			productName = AFHTml;
			productReference = CDABD4371CF2C70300D0AD47 /* AFHTml.app */;
			productType = "com.apple.product-type.application";
		};
		CDABD44F1CF2C70300D0AD47 /* AFHTmlTests */ = {
			isa = PBXNativeTarget;
			buildConfigurationList = CDABD4671CF2C70300D0AD47 /* Build configuration list for PBXNativeTarget "AFHTmlTests" */;
			buildPhases = (
				CDABD44C1CF2C70300D0AD47 /* Sources */,
				CDABD44D1CF2C70300D0AD47 /* Frameworks */,
				CDABD44E1CF2C70300D0AD47 /* Resources */,
			);
			buildRules = (
			);
			dependencies = (
				CDABD4521CF2C70300D0AD47 /* PBXTargetDependency */,
			);
			name = AFHTmlTests;
			productName = AFHTmlTests;
			productReference = CDABD4501CF2C70300D0AD47 /* AFHTmlTests.xctest */;
			productType = "com.apple.product-type.bundle.unit-test";
		};
		CDABD45A1CF2C70300D0AD47 /* AFHTmlUITests */ = {
			isa = PBXNativeTarget;
			buildConfigurationList = CDABD46A1CF2C70300D0AD47 /* Build configuration list for PBXNativeTarget "AFHTmlUITests" */;
			buildPhases = (
				CDABD4571CF2C70300D0AD47 /* Sources */,
				CDABD4581CF2C70300D0AD47 /* Frameworks */,
				CDABD4591CF2C70300D0AD47 /* Resources */,
			);
			buildRules = (
			);
			dependencies = (
				CDABD45D1CF2C70300D0AD47 /* PBXTargetDependency */,
			);
			name = AFHTmlUITests;
			productName = AFHTmlUITests;
			productReference = CDABD45B1CF2C70300D0AD47 /* AFHTmlUITests.xctest */;
			productType = "com.apple.product-type.bundle.ui-testing";
		};
/* End PBXNativeTarget section */

/* Begin PBXProject section */
		CDABD42F1CF2C70300D0AD47 /* Project object */ = {
			isa = PBXProject;
			attributes = {
				LastUpgradeCheck = 0730;
				ORGANIZATIONNAME = Emersad;
				TargetAttributes = {
					CDABD4361CF2C70300D0AD47 = {
						CreatedOnToolsVersion = 7.3;
					};
					CDABD44F1CF2C70300D0AD47 = {
						CreatedOnToolsVersion = 7.3;
						TestTargetID = CDABD4361CF2C70300D0AD47;
					};
					CDABD45A1CF2C70300D0AD47 = {
						CreatedOnToolsVersion = 7.3;
						TestTargetID = CDABD4361CF2C70300D0AD47;
					};
				};
			};
			buildConfigurationList = CDABD4321CF2C70300D0AD47 /* Build configuration list for PBXProject "AFHTml" */;
			compatibilityVersion = "Xcode 3.2";
			developmentRegion = English;
			hasScannedForEncodings = 0;
			knownRegions = (
				en,
				Base,
			);
			mainGroup = CDABD42E1CF2C70300D0AD47;
			productRefGroup = CDABD4381CF2C70300D0AD47 /* Products */;
			projectDirPath = "";
			projectRoot = "";
			targets = (
				CDABD4361CF2C70300D0AD47 /* AFHTml */,
				CDABD44F1CF2C70300D0AD47 /* AFHTmlTests */,
				CDABD45A1CF2C70300D0AD47 /* AFHTmlUITests */,
			);
		};
/* End PBXProject section */

/* Begin PBXResourcesBuildPhase section */
		CDABD4351CF2C70300D0AD47 /* Resources */ = {
			isa = PBXResourcesBuildPhase;
			buildActionMask = 2147483647;
			files = (
				CDABD44A1CF2C70300D0AD47 /* LaunchScreen.storyboard in Resources */,
				CDABD4471CF2C70300D0AD47 /* Assets.xcassets in Resources */,
				CDABD4451CF2C70300D0AD47 /* Main.storyboard in Resources */,
			);
			runOnlyForDeploymentPostprocessing = 0;
		};
		CDABD44E1CF2C70300D0AD47 /* Resources */ = {
			isa = PBXResourcesBuildPhase;
			buildActionMask = 2147483647;
			files = (
			);
			runOnlyForDeploymentPostprocessing = 0;
		};
		CDABD4591CF2C70300D0AD47 /* Resources */ = {
			isa = PBXResourcesBuildPhase;
			buildActionMask = 2147483647;
			files = (
			);
			runOnlyForDeploymentPostprocessing = 0;
		};
/* End PBXResourcesBuildPhase section */

/* Begin PBXSourcesBuildPhase section */
		CDABD4331CF2C70300D0AD47 /* Sources */ = {
			isa = PBXSourcesBuildPhase;
			buildActionMask = 2147483647;
			files = (
				CDABD4421CF2C70300D0AD47 /* ViewController.m in Sources */,
				CDABD43F1CF2C70300D0AD47 /* AppDelegate.m in Sources */,
				CDABD43C1CF2C70300D0AD47 /* main.m in Sources */,
			);
			runOnlyForDeploymentPostprocessing = 0;
		};
		CDABD44C1CF2C70300D0AD47 /* Sources */ = {
			isa = PBXSourcesBuildPhase;
			buildActionMask = 2147483647;
			files = (
				CDABD4551CF2C70300D0AD47 /* AFHTmlTests.m in Sources */,
			);
			runOnlyForDeploymentPostprocessing = 0;
		};
		CDABD4571CF2C70300D0AD47 /* Sources */ = {
			isa = PBXSourcesBuildPhase;
			buildActionMask = 2147483647;
			files = (
				CDABD4601CF2C70300D0AD47 /* AFHTmlUITests.m in Sources */,
			);
			runOnlyForDeploymentPostprocessing = 0;
		};
/* End PBXSourcesBuildPhase section */

/* Begin PBXTargetDependency section */
		CDABD4521CF2C70300D0AD47 /* PBXTargetDependency */ = {
			isa = PBXTargetDependency;
			target = CDABD4361CF2C70300D0AD47 /* AFHTml */;
			targetProxy = CDABD4511CF2C70300D0AD47 /* PBXContainerItemProxy */;
		};
		CDABD45D1CF2C70300D0AD47 /* PBXTargetDependency */ = {
			isa = PBXTargetDependency;
			target = CDABD4361CF2C70300D0AD47 /* AFHTml */;
			targetProxy = CDABD45C1CF2C70300D0AD47 /* PBXContainerItemProxy */;
		};
/* End PBXTargetDependency section */

/* Begin PBXVariantGroup section */
		CDABD4431CF2C70300D0AD47 /* Main.storyboard */ = {
			isa = PBXVariantGroup;
			children = (
				CDABD4441CF2C70300D0AD47 /* Base */,
			);
			name = Main.storyboard;
			sourceTree = "<group>";
		};
		CDABD4481CF2C70300D0AD47 /* LaunchScreen.storyboard */ = {
			isa = PBXVariantGroup;
			children = (
				CDABD4491CF2C70300D0AD47 /* Base */,
			);
			name = LaunchScreen.storyboard;
			sourceTree = "<group>";
		};
/* End PBXVariantGroup section */

/* Begin XCBuildConfiguration section */
		CDABD4621CF2C70300D0AD47 /* Debug */ = {
			isa = XCBuildConfiguration;
			buildSettings = {
				ALWAYS_SEARCH_USER_PATHS = NO;
				CLANG_ANALYZER_NONNULL = YES;
				CLANG_CXX_LANGUAGE_STANDARD = "gnu++0x";
				CLANG_CXX_LIBRARY = "libc++";
				CLANG_ENABLE_MODULES = YES;
				CLANG_ENABLE_OBJC_ARC = YES;
				CLANG_WARN_BOOL_CONVERSION = YES;
				CLANG_WARN_CONSTANT_CONVERSION = YES;
				CLANG_WARN_DIRECT_OBJC_ISA_USAGE = YES_ERROR;
				CLANG_WARN_EMPTY_BODY = YES;
				CLANG_WARN_ENUM_CONVERSION = YES;
				CLANG_WARN_INT_CONVERSION = YES;
				CLANG_WARN_OBJC_ROOT_CLASS = YES_ERROR;
				CLANG_WARN_UNREACHABLE_CODE = YES;
				CLANG_WARN__DUPLICATE_METHOD_MATCH = YES;
				"CODE_SIGN_IDENTITY[sdk=iphoneos*]" = "iPhone Developer";
				COPY_PHASE_STRIP = NO;
				DEBUG_INFORMATION_FORMAT = dwarf;
				ENABLE_STRICT_OBJC_MSGSEND = YES;
				ENABLE_TESTABILITY = YES;
				GCC_C_LANGUAGE_STANDARD = gnu99;
				GCC_DYNAMIC_NO_PIC = NO;
				GCC_NO_COMMON_BLOCKS = YES;
				GCC_OPTIMIZATION_LEVEL = 0;
				GCC_PREPROCESSOR_DEFINITIONS = (
					"DEBUG=1",
					"$(inherited)",
				);
				GCC_WARN_64_TO_32_BIT_CONVERSION = YES;
				GCC_WARN_ABOUT_RETURN_TYPE = YES_ERROR;
				GCC_WARN_UNDECLARED_SELECTOR = YES;
				GCC_WARN_UNINITIALIZED_AUTOS = YES_AGGRESSIVE;
				GCC_WARN_UNUSED_FUNCTION = YES;
				GCC_WARN_UNUSED_VARIABLE = YES;
				IPHONEOS_DEPLOYMENT_TARGET = 9.3;
				MTL_ENABLE_DEBUG_INFO = YES;
				ONLY_ACTIVE_ARCH = YES;
				SDKROOT = iphoneos;
			};
			name = Debug;
		};
		CDABD4631CF2C70300D0AD47 /* Release */ = {
			isa = XCBuildConfiguration;
			buildSettings = {
				ALWAYS_SEARCH_USER_PATHS = NO;
				CLANG_ANALYZER_NONNULL = YES;
				CLANG_CXX_LANGUAGE_STANDARD = "gnu++0x";
				CLANG_CXX_LIBRARY = "libc++";
				CLANG_ENABLE_MODULES = YES;
				CLANG_ENABLE_OBJC_ARC = YES;
				CLANG_WARN_BOOL_CONVERSION = YES;
				CLANG_WARN_CONSTANT_CONVERSION = YES;
				CLANG_WARN_DIRECT_OBJC_ISA_USAGE = YES_ERROR;
				CLANG_WARN_EMPTY_BODY = YES;
				CLANG_WARN_ENUM_CONVERSION = YES;
				CLANG_WARN_INT_CONVERSION = YES;
				CLANG_WARN_OBJC_ROOT_CLASS = YES_ERROR;
				CLANG_WARN_UNREACHABLE_CODE = YES;
				CLANG_WARN__DUPLICATE_METHOD_MATCH = YES;
				"CODE_SIGN_IDENTITY[sdk=iphoneos*]" = "iPhone Developer";
				COPY_PHASE_STRIP = NO;
				DEBUG_INFORMATION_FORMAT = "dwarf-with-dsym";
				ENABLE_NS_ASSERTIONS = NO;
				ENABLE_STRICT_OBJC_MSGSEND = YES;
				GCC_C_LANGUAGE_STANDARD = gnu99;
				GCC_NO_COMMON_BLOCKS = YES;
				GCC_WARN_64_TO_32_BIT_CONVERSION = YES;
				GCC_WARN_ABOUT_RETURN_TYPE = YES_ERROR;
				GCC_WARN_UNDECLARED_SELECTOR = YES;
				GCC_WARN_UNINITIALIZED_AUTOS = YES_AGGRESSIVE;
				GCC_WARN_UNUSED_FUNCTION = YES;
				GCC_WARN_UNUSED_VARIABLE = YES;
				IPHONEOS_DEPLOYMENT_TARGET = 9.3;
				MTL_ENABLE_DEBUG_INFO = NO;
				SDKROOT = iphoneos;
				VALIDATE_PRODUCT = YES;
			};
			name = Release;
		};
		CDABD4651CF2C70300D0AD47 /* Debug */ = {
			isa = XCBuildConfiguration;
			buildSettings = {
				ASSETCATALOG_COMPILER_APPICON_NAME = AppIcon;
				INFOPLIST_FILE = AFHTml/Info.plist;
				LD_RUNPATH_SEARCH_PATHS = "$(inherited) @executable_path/Frameworks";
				PRODUCT_BUNDLE_IDENTIFIER = net.emersad.AFHTml;
				PRODUCT_NAME = "$(TARGET_NAME)";
			};
			name = Debug;
		};
		CDABD4661CF2C70300D0AD47 /* Release */ = {
			isa = XCBuildConfiguration;
			buildSettings = {
				ASSETCATALOG_COMPILER_APPICON_NAME = AppIcon;
				INFOPLIST_FILE = AFHTml/Info.plist;
				LD_RUNPATH_SEARCH_PATHS = "$(inherited) @executable_path/Frameworks";
				PRODUCT_BUNDLE_IDENTIFIER = net.emersad.AFHTml;
				PRODUCT_NAME = "$(TARGET_NAME)";
			};
			name = Release;
		};
		CDABD4681CF2C70300D0AD47 /* Debug */ = {
			isa = XCBuildConfiguration;
			buildSettings = {
				BUNDLE_LOADER = "$(TEST_HOST)";
				INFOPLIST_FILE = AFHTmlTests/Info.plist;
				LD_RUNPATH_SEARCH_PATHS = "$(inherited) @executable_path/Frameworks @loader_path/Frameworks";
				PRODUCT_BUNDLE_IDENTIFIER = net.emersad.AFHTmlTests;
				PRODUCT_NAME = "$(TARGET_NAME)";
				TEST_HOST = "$(BUILT_PRODUCTS_DIR)/AFHTml.app/AFHTml";
			};
			name = Debug;
		};
		CDABD4691CF2C70300D0AD47 /* Release */ = {
			isa = XCBuildConfiguration;
			buildSettings = {
				BUNDLE_LOADER = "$(TEST_HOST)";
				INFOPLIST_FILE = AFHTmlTests/Info.plist;
				LD_RUNPATH_SEARCH_PATHS = "$(inherited) @executable_path/Frameworks @loader_path/Frameworks";
				PRODUCT_BUNDLE_IDENTIFIER = net.emersad.AFHTmlTests;
				PRODUCT_NAME = "$(TARGET_NAME)";
				TEST_HOST = "$(BUILT_PRODUCTS_DIR)/AFHTml.app/AFHTml";
			};
			name = Release;
		};
		CDABD46B1CF2C70300D0AD47 /* Debug */ = {
			isa = XCBuildConfiguration;
			buildSettings = {
				INFOPLIST_FILE = AFHTmlUITests/Info.plist;
				LD_RUNPATH_SEARCH_PATHS = "$(inherited) @executable_path/Frameworks @loader_path/Frameworks";
				PRODUCT_BUNDLE_IDENTIFIER = net.emersad.AFHTmlUITests;
				PRODUCT_NAME = "$(TARGET_NAME)";
				TEST_TARGET_NAME = AFHTml;
			};
			name = Debug;
		};
		CDABD46C1CF2C70300D0AD47 /* Release */ = {
			isa = XCBuildConfiguration;
			buildSettings = {
				INFOPLIST_FILE = AFHTmlUITests/Info.plist;
				LD_RUNPATH_SEARCH_PATHS = "$(inherited) @executable_path/Frameworks @loader_path/Frameworks";
				PRODUCT_BUNDLE_IDENTIFIER = net.emersad.AFHTmlUITests;
				PRODUCT_NAME = "$(TARGET_NAME)";
				TEST_TARGET_NAME = AFHTml;
			};
			name = Release;
		};
/* End XCBuildConfiguration section */

/* Begin XCConfigurationList section */
		CDABD4321CF2C70300D0AD47 /* Build configuration list for PBXProject "AFHTml" */ = {
			isa = XCConfigurationList;
			buildConfigurations = (
				CDABD4621CF2C70300D0AD47 /* Debug */,
				CDABD4631CF2C70300D0AD47 /* Release */,
			);
			defaultConfigurationIsVisible = 0;
			defaultConfigurationName = Release;
		};
		CDABD4641CF2C70300D0AD47 /* Build configuration list for PBXNativeTarget "AFHTml" */ = {
			isa = XCConfigurationList;
			buildConfigurations = (
				CDABD4651CF2C70300D0AD47 /* Debug */,
				CDABD4661CF2C70300D0AD47 /* Release */,
			);
			defaultConfigurationIsVisible = 0;
		};
		CDABD4671CF2C70300D0AD47 /* Build configuration list for PBXNativeTarget "AFHTmlTests" */ = {
			isa = XCConfigurationList;
			buildConfigurations = (
				CDABD4681CF2C70300D0AD47 /* Debug */,
				CDABD4691CF2C70300D0AD47 /* Release */,
			);
			defaultConfigurationIsVisible = 0;
		};
		CDABD46A1CF2C70300D0AD47 /* Build configuration list for PBXNativeTarget "AFHTmlUITests" */ = {
			isa = XCConfigurationList;
			buildConfigurations = (
				CDABD46B1CF2C70300D0AD47 /* Debug */,
				CDABD46C1CF2C70300D0AD47 /* Release */,
			);
			defaultConfigurationIsVisible = 0;
		};
/* End XCConfigurationList section */
	};
	rootObject = CDABD42F1CF2C70300D0AD47 /* Project object */;
}
